{
  "name": "moj-components-dummy",
  "version": "1.0.0",
  "lockfileVersion": 3,
  "requires": true,
  "packages": {
    "": {
      "name": "moj-components-dummy",
      "version": "1.0.0",
      "dependencies": {
        "@ministryofjustice/frontend": "^11.0.0",
        "govuk-frontend": "^6.5.0",
        "moment": "^2.30.1"
      }
    },
    "node_modules/@ministryofjustice/frontend": {
      "version": "11.0.0",
      "resolved": "https://registry.npmjs.org/@ministryofjustice/frontend/-/frontend-11.0.0.tgz",
      "integrity": "sha512-Rs2TAXQz7vD3q0osTZYAecqPSESEU1SF4DPqNerrVVizsMEtfP3YAhPv7ZLF/A7uyvGpFy9p5t5pBQJtHfcrnQ==",
      "license": "MIT",
      "engines": {
        "node": ">= 4.2.0"
      },
      "peerDependencies": {
        "govuk-frontend": "^6.0.0",
        "moment": "2.30.1"
      }
    },
    "node_modules/govuk-frontend": {
      "version": "6.5.0",
      "resolved": "https://registry.npmjs.org/govuk-frontend/-/govuk-frontend-6.5.0.tgz",
      "integrity": "sha512-yWZZCvv99Q0WzPC3+YszHk65Op1yowXpvbGGPi2bsoZiHKfwQGRxOoCaYBWTIOAiphp4QRTFgbGI3fpiFTfZww==",
      "license": "MIT",
      "engines": {
        "node": ">= 4.2.0"
      }
    },
    "node_modules/moment": {
      "version": "2.30.1",
      "resolved": "https://registry.npmjs.org/moment/-/moment-2.30.1.tgz",
      "integrity": "sha512-uEmtNhbDOrWPFS+hdjFCBfy9f2YoyzRpwcl+DqpC6taX21FzsTLQVbMV/W7PzNSX6x/bhC1zA3c2UQ5NzH6how==",
      "license": "MIT",
      "engines": {
        "node": "*"
      }
    }
  }
}
